// !$*UTF8*$!
{
	archiveVersion = 1;
	classes = {
	};
	objectVersion = 55;
	objects = {

/* Begin PBXBuildFile section */
		0707F37528AE3F23000A16D1 /* DetailViewController.swift in Sources */ = {isa = PBXBuildFile; fileRef = 0707F37428AE3F23000A16D1 /* DetailViewController.swift */; };
		0707F37728AE3F32000A16D1 /* DetailScreen.storyboard in Resources */ = {isa = PBXBuildFile; fileRef = 0707F37628AE3F32000A16D1 /* DetailScreen.storyboard */; };
		077ABED028AD65E100B0ECE0 /* NewsViewModel.swift in Sources */ = {isa = PBXBuildFile; fileRef = 077ABECF28AD65E100B0ECE0 /* NewsViewModel.swift */; };
		077ABED328AD671E00B0ECE0 /* HomeTableViewCell.swift in Sources */ = {isa = PBXBuildFile; fileRef = 077ABED128AD671E00B0ECE0 /* HomeTableViewCell.swift */; };
		077ABED428AD671E00B0ECE0 /* HomeTableViewCell.xib in Resources */ = {isa = PBXBuildFile; fileRef = 077ABED228AD671E00B0ECE0 /* HomeTableViewCell.xib */; };
		077ABED628AD7FD000B0ECE0 /* NewsModel.swift in Sources */ = {isa = PBXBuildFile; fileRef = 077ABED528AD7FD000B0ECE0 /* NewsModel.swift */; };
		079A833228AC27CF009DB712 /* AppDelegate.swift in Sources */ = {isa = PBXBuildFile; fileRef = 079A833128AC27CF009DB712 /* AppDelegate.swift */; };
		079A833428AC27CF009DB712 /* SceneDelegate.swift in Sources */ = {isa = PBXBuildFile; fileRef = 079A833328AC27CF009DB712 /* SceneDelegate.swift */; };
		079A833B28AC27D2009DB712 /* Assets.xcassets in Resources */ = {isa = PBXBuildFile; fileRef = 079A833A28AC27D2009DB712 /* Assets.xcassets */; };
		079A833E28AC27D2009DB712 /* LaunchScreen.storyboard in Resources */ = {isa = PBXBuildFile; fileRef = 079A833C28AC27D2009DB712 /* LaunchScreen.storyboard */; };
		079A834E28AC2A2F009DB712 /* SplashViewController.swift in Sources */ = {isa = PBXBuildFile; fileRef = 079A834D28AC2A2F009DB712 /* SplashViewController.swift */; };
		079A835028AC2A48009DB712 /* SplashScreen.storyboard in Resources */ = {isa = PBXBuildFile; fileRef = 079A834F28AC2A48009DB712 /* SplashScreen.storyboard */; };
		079A835228AC2A75009DB712 /* BaseViewController.swift in Sources */ = {isa = PBXBuildFile; fileRef = 079A835128AC2A75009DB712 /* BaseViewController.swift */; };
		079A835428AC2B0E009DB712 /* Storyboards.swift in Sources */ = {isa = PBXBuildFile; fileRef = 079A835328AC2B0E009DB712 /* Storyboards.swift */; };
		079A835628AC2D14009DB712 /* TabBarController.swift in Sources */ = {isa = PBXBuildFile; fileRef = 079A835528AC2D14009DB712 /* TabBarController.swift */; };
		079A835828AC2DFB009DB712 /* TabBarItem.swift in Sources */ = {isa = PBXBuildFile; fileRef = 079A835728AC2DFB009DB712 /* TabBarItem.swift */; };
		079A835A28AC2F34009DB712 /* Images.swift in Sources */ = {isa = PBXBuildFile; fileRef = 079A835928AC2F34009DB712 /* Images.swift */; };
		079A835D28AC3200009DB712 /* HomeViewController.swift in Sources */ = {isa = PBXBuildFile; fileRef = 079A835C28AC3200009DB712 /* HomeViewController.swift */; };
		079A835F28AC320F009DB712 /* HomeScreen.storyboard in Resources */ = {isa = PBXBuildFile; fileRef = 079A835E28AC320F009DB712 /* HomeScreen.storyboard */; };
		079A836128AC33D9009DB712 /* FavoriteScreen.storyboard in Resources */ = {isa = PBXBuildFile; fileRef = 079A836028AC33D9009DB712 /* FavoriteScreen.storyboard */; };
		079A836428AC33F8009DB712 /* FavoriteViewController.swift in Sources */ = {isa = PBXBuildFile; fileRef = 079A836328AC33F8009DB712 /* FavoriteViewController.swift */; };
		079A836928AC3C4B009DB712 /* WebServices.swift in Sources */ = {isa = PBXBuildFile; fileRef = 079A836828AC3C4B009DB712 /* WebServices.swift */; };
		079A836B28AC3D54009DB712 /* Constants.swift in Sources */ = {isa = PBXBuildFile; fileRef = 079A836A28AC3D54009DB712 /* Constants.swift */; };
		07F6CDF528ACDBD1007CDEE5 /* Source.swift in Sources */ = {isa = PBXBuildFile; fileRef = 07F6CDF428ACDBD1007CDEE5 /* Source.swift */; };
		E54524C8E2D9DAA1FCD0D9E7 /* Pods_NewsApp.framework in Frameworks */ = {isa = PBXBuildFile; fileRef = F82184AC310F0DDAE7205847 /* Pods_NewsApp.framework */; };
/* End PBXBuildFile section */

/* Begin PBXFileReference section */
		0707F37428AE3F23000A16D1 /* DetailViewController.swift */ = {isa = PBXFileReference; lastKnownFileType = sourcecode.swift; path = DetailViewController.swift; sourceTree = "<group>"; };
		0707F37628AE3F32000A16D1 /* DetailScreen.storyboard */ = {isa = PBXFileReference; lastKnownFileType = file.storyboard; path = DetailScreen.storyboard; sourceTree = "<group>"; };
		077ABECF28AD65E100B0ECE0 /* NewsViewModel.swift */ = {isa = PBXFileReference; lastKnownFileType = sourcecode.swift; path = NewsViewModel.swift; sourceTree = "<group>"; };
		077ABED128AD671E00B0ECE0 /* HomeTableViewCell.swift */ = {isa = PBXFileReference; lastKnownFileType = sourcecode.swift; path = HomeTableViewCell.swift; sourceTree = "<group>"; };
		077ABED228AD671E00B0ECE0 /* HomeTableViewCell.xib */ = {isa = PBXFileReference; lastKnownFileType = file.xib; path = HomeTableViewCell.xib; sourceTree = "<group>"; };
		077ABED528AD7FD000B0ECE0 /* NewsModel.swift */ = {isa = PBXFileReference; lastKnownFileType = sourcecode.swift; path = NewsModel.swift; sourceTree = "<group>"; };
		079A832E28AC27CF009DB712 /* NewsApp.app */ = {isa = PBXFileReference; explicitFileType = wrapper.application; includeInIndex = 0; path = NewsApp.app; sourceTree = BUILT_PRODUCTS_DIR; };
		079A833128AC27CF009DB712 /* AppDelegate.swift */ = {isa = PBXFileReference; lastKnownFileType = sourcecode.swift; path = AppDelegate.swift; sourceTree = "<group>"; };
		079A833328AC27CF009DB712 /* SceneDelegate.swift */ = {isa = PBXFileReference; lastKnownFileType = sourcecode.swift; path = SceneDelegate.swift; sourceTree = "<group>"; };
		079A833A28AC27D2009DB712 /* Assets.xcassets */ = {isa = PBXFileReference; lastKnownFileType = folder.assetcatalog; path = Assets.xcassets; sourceTree = "<group>"; };
		079A833D28AC27D2009DB712 /* Base */ = {isa = PBXFileReference; lastKnownFileType = file.storyboard; name = Base; path = Base.lproj/LaunchScreen.storyboard; sourceTree = "<group>"; };
		079A833F28AC27D2009DB712 /* Info.plist */ = {isa = PBXFileReference; lastKnownFileType = text.plist.xml; path = Info.plist; sourceTree = "<group>"; };
		079A834D28AC2A2F009DB712 /* SplashViewController.swift */ = {isa = PBXFileReference; lastKnownFileType = sourcecode.swift; path = SplashViewController.swift; sourceTree = "<group>"; };
		079A834F28AC2A48009DB712 /* SplashScreen.storyboard */ = {isa = PBXFileReference; lastKnownFileType = file.storyboard; path = SplashScreen.storyboard; sourceTree = "<group>"; };
		079A835128AC2A75009DB712 /* BaseViewController.swift */ = {isa = PBXFileReference; lastKnownFileType = sourcecode.swift; path = BaseViewController.swift; sourceTree = "<group>"; };
		079A835328AC2B0E009DB712 /* Storyboards.swift */ = {isa = PBXFileReference; lastKnownFileType = sourcecode.swift; path = Storyboards.swift; sourceTree = "<group>"; };
		079A835528AC2D14009DB712 /* TabBarController.swift */ = {isa = PBXFileReference; lastKnownFileType = sourcecode.swift; path = TabBarController.swift; sourceTree = "<group>"; };
		079A835728AC2DFB009DB712 /* TabBarItem.swift */ = {isa = PBXFileReference; lastKnownFileType = sourcecode.swift; path = TabBarItem.swift; sourceTree = "<group>"; };
		079A835928AC2F34009DB712 /* Images.swift */ = {isa = PBXFileReference; lastKnownFileType = sourcecode.swift; path = Images.swift; sourceTree = "<group>"; };
		079A835C28AC3200009DB712 /* HomeViewController.swift */ = {isa = PBXFileReference; lastKnownFileType = sourcecode.swift; path = HomeViewController.swift; sourceTree = "<group>"; };
		079A835E28AC320F009DB712 /* HomeScreen.storyboard */ = {isa = PBXFileReference; lastKnownFileType = file.storyboard; path = HomeScreen.storyboard; sourceTree = "<group>"; };
		079A836028AC33D9009DB712 /* FavoriteScreen.storyboard */ = {isa = PBXFileReference; lastKnownFileType = file.storyboard; path = FavoriteScreen.storyboard; sourceTree = "<group>"; };
		079A836328AC33F8009DB712 /* FavoriteViewController.swift */ = {isa = PBXFileReference; lastKnownFileType = sourcecode.swift; path = FavoriteViewController.swift; sourceTree = "<group>"; };
		079A836828AC3C4B009DB712 /* WebServices.swift */ = {isa = PBXFileReference; lastKnownFileType = sourcecode.swift; path = WebServices.swift; sourceTree = "<group>"; };
		079A836A28AC3D54009DB712 /* Constants.swift */ = {isa = PBXFileReference; lastKnownFileType = sourcecode.swift; path = Constants.swift; sourceTree = "<group>"; };
		07F6CDF428ACDBD1007CDEE5 /* Source.swift */ = {isa = PBXFileReference; lastKnownFileType = sourcecode.swift; path = Source.swift; sourceTree = "<group>"; };
		13249BFF5857ECA7352A2C54 /* Pods-NewsApp.release.xcconfig */ = {isa = PBXFileReference; includeInIndex = 1; lastKnownFileType = text.xcconfig; name = "Pods-NewsApp.release.xcconfig"; path = "Target Support Files/Pods-NewsApp/Pods-NewsApp.release.xcconfig"; sourceTree = "<group>"; };
		533FA3C80506E70B595E47C0 /* Pods-NewsApp.debug.xcconfig */ = {isa = PBXFileReference; includeInIndex = 1; lastKnownFileType = text.xcconfig; name = "Pods-NewsApp.debug.xcconfig"; path = "Target Support Files/Pods-NewsApp/Pods-NewsApp.debug.xcconfig"; sourceTree = "<group>"; };
		F82184AC310F0DDAE7205847 /* Pods_NewsApp.framework */ = {isa = PBXFileReference; explicitFileType = wrapper.framework; includeInIndex = 0; path = Pods_NewsApp.framework; sourceTree = BUILT_PRODUCTS_DIR; };
/* End PBXFileReference section */

/* Begin PBXFrameworksBuildPhase section */
		079A832B28AC27CF009DB712 /* Frameworks */ = {
			isa = PBXFrameworksBuildPhase;
			buildActionMask = 2147483647;
			files = (
				E54524C8E2D9DAA1FCD0D9E7 /* Pods_NewsApp.framework in Frameworks */,
			);
			runOnlyForDeploymentPostprocessing = 0;
		};
/* End PBXFrameworksBuildPhase section */

/* Begin PBXGroup section */
		0707F37328AE3F12000A16D1 /* Detail */ = {
			isa = PBXGroup;
			children = (
				0707F37428AE3F23000A16D1 /* DetailViewController.swift */,
				0707F37628AE3F32000A16D1 /* DetailScreen.storyboard */,
			);
			path = Detail;
			sourceTree = "<group>";
		};
		079A832528AC27CF009DB712 = {
			isa = PBXGroup;
			children = (
				079A833028AC27CF009DB712 /* NewsApp */,
				079A832F28AC27CF009DB712 /* Products */,
				886AD68184385470694B073F /* Pods */,
				AAD2F35117B0F0975F49F688 /* Frameworks */,
			);
			sourceTree = "<group>";
		};
		079A832F28AC27CF009DB712 /* Products */ = {
			isa = PBXGroup;
			children = (
				079A832E28AC27CF009DB712 /* NewsApp.app */,
			);
			name = Products;
			sourceTree = "<group>";
		};
		079A833028AC27CF009DB712 /* NewsApp */ = {
			isa = PBXGroup;
			children = (
				079A836728AC399F009DB712 /* Service */,
				079A834B28AC2910009DB712 /* Extension */,
				079A834A28AC28C1009DB712 /* Constants */,
				079A834928AC28B6009DB712 /* ViewModel */,
				079A834828AC289F009DB712 /* Model */,
				079A834728AC2898009DB712 /* View */,
				079A834628AC286C009DB712 /* Base */,
				079A834528AC2812009DB712 /* Resources */,
				079A833128AC27CF009DB712 /* AppDelegate.swift */,
				079A833328AC27CF009DB712 /* SceneDelegate.swift */,
				079A833C28AC27D2009DB712 /* LaunchScreen.storyboard */,
			);
			path = NewsApp;
			sourceTree = "<group>";
		};
		079A834528AC2812009DB712 /* Resources */ = {
			isa = PBXGroup;
			children = (
				079A833A28AC27D2009DB712 /* Assets.xcassets */,
				079A833F28AC27D2009DB712 /* Info.plist */,
			);
			path = Resources;
			sourceTree = "<group>";
		};
		079A834628AC286C009DB712 /* Base */ = {
			isa = PBXGroup;
			children = (
				079A835128AC2A75009DB712 /* BaseViewController.swift */,
			);
			path = Base;
			sourceTree = "<group>";
		};
		079A834728AC2898009DB712 /* View */ = {
			isa = PBXGroup;
			children = (
				07F6CDF128ACD74B007CDEE5 /* HomeTableViewCell */,
				07F6CDF028ACD71B007CDEE5 /* ViewController */,
				079A835528AC2D14009DB712 /* TabBarController.swift */,
			);
			path = View;
			sourceTree = "<group>";
		};
		079A834828AC289F009DB712 /* Model */ = {
			isa = PBXGroup;
			children = (
				077ABED528AD7FD000B0ECE0 /* NewsModel.swift */,
				07F6CDF428ACDBD1007CDEE5 /* Source.swift */,
			);
			path = Model;
			sourceTree = "<group>";
		};
		079A834928AC28B6009DB712 /* ViewModel */ = {
			isa = PBXGroup;
			children = (
				077ABECF28AD65E100B0ECE0 /* NewsViewModel.swift */,
			);
			path = ViewModel;
			sourceTree = "<group>";
		};
		079A834A28AC28C1009DB712 /* Constants */ = {
			isa = PBXGroup;
			children = (
				079A835328AC2B0E009DB712 /* Storyboards.swift */,
				079A835728AC2DFB009DB712 /* TabBarItem.swift */,
				079A835928AC2F34009DB712 /* Images.swift */,
				079A836A28AC3D54009DB712 /* Constants.swift */,
			);
			path = Constants;
			sourceTree = "<group>";
		};
		079A834B28AC2910009DB712 /* Extension */ = {
			isa = PBXGroup;
			children = (
			);
			path = Extension;
			sourceTree = "<group>";
		};
		079A834C28AC2A17009DB712 /* Splash */ = {
			isa = PBXGroup;
			children = (
				079A834D28AC2A2F009DB712 /* SplashViewController.swift */,
				079A834F28AC2A48009DB712 /* SplashScreen.storyboard */,
			);
			path = Splash;
			sourceTree = "<group>";
		};
		079A835B28AC31F0009DB712 /* Home */ = {
			isa = PBXGroup;
			children = (
				079A835C28AC3200009DB712 /* HomeViewController.swift */,
				079A835E28AC320F009DB712 /* HomeScreen.storyboard */,
			);
			path = Home;
			sourceTree = "<group>";
		};
		079A836228AC33E3009DB712 /* Favorite */ = {
			isa = PBXGroup;
			children = (
				079A836328AC33F8009DB712 /* FavoriteViewController.swift */,
				079A836028AC33D9009DB712 /* FavoriteScreen.storyboard */,
			);
			path = Favorite;
			sourceTree = "<group>";
		};
		079A836728AC399F009DB712 /* Service */ = {
			isa = PBXGroup;
			children = (
				079A836828AC3C4B009DB712 /* WebServices.swift */,
			);
			path = Service;
			sourceTree = "<group>";
		};
		07F6CDF028ACD71B007CDEE5 /* ViewController */ = {
			isa = PBXGroup;
			children = (
				0707F37328AE3F12000A16D1 /* Detail */,
				079A835B28AC31F0009DB712 /* Home */,
				079A836228AC33E3009DB712 /* Favorite */,
				079A834C28AC2A17009DB712 /* Splash */,
			);
			path = ViewController;
			sourceTree = "<group>";
		};
		07F6CDF128ACD74B007CDEE5 /* HomeTableViewCell */ = {
			isa = PBXGroup;
			children = (
				077ABED128AD671E00B0ECE0 /* HomeTableViewCell.swift */,
				077ABED228AD671E00B0ECE0 /* HomeTableViewCell.xib */,
			);
			path = HomeTableViewCell;
			sourceTree = "<group>";
		};
		886AD68184385470694B073F /* Pods */ = {
			isa = PBXGroup;
			children = (
				533FA3C80506E70B595E47C0 /* Pods-NewsApp.debug.xcconfig */,
				13249BFF5857ECA7352A2C54 /* Pods-NewsApp.release.xcconfig */,
			);
			path = Pods;
			sourceTree = "<group>";
		};
		AAD2F35117B0F0975F49F688 /* Frameworks */ = {
			isa = PBXGroup;
			children = (
				F82184AC310F0DDAE7205847 /* Pods_NewsApp.framework */,
			);
			name = Frameworks;
			sourceTree = "<group>";
		};
/* End PBXGroup section */

/* Begin PBXNativeTarget section */
		079A832D28AC27CF009DB712 /* NewsApp */ = {
			isa = PBXNativeTarget;
			buildConfigurationList = 079A834228AC27D2009DB712 /* Build configuration list for PBXNativeTarget "NewsApp" */;
			buildPhases = (
				739844ABFEBD636F4E27B25A /* [CP] Check Pods Manifest.lock */,
				079A832A28AC27CF009DB712 /* Sources */,
				079A832B28AC27CF009DB712 /* Frameworks */,
				079A832C28AC27CF009DB712 /* Resources */,
				7FA43526FAD04814C7506588 /* [CP] Embed Pods Frameworks */,
			);
			buildRules = (
			);
			dependencies = (
			);
			name = NewsApp;
			productName = NewsApp;
			productReference = 079A832E28AC27CF009DB712 /* NewsApp.app */;
			productType = "com.apple.product-type.application";
		};
/* End PBXNativeTarget section */

/* Begin PBXProject section */
		079A832628AC27CF009DB712 /* Project object */ = {
			isa = PBXProject;
			attributes = {
				BuildIndependentTargetsInParallel = 1;
				LastSwiftUpdateCheck = 1330;
				LastUpgradeCheck = 1330;
				TargetAttributes = {
					079A832D28AC27CF009DB712 = {
						CreatedOnToolsVersion = 13.3;
					};
				};
			};
			buildConfigurationList = 079A832928AC27CF009DB712 /* Build configuration list for PBXProject "NewsApp" */;
			compatibilityVersion = "Xcode 13.0";
			developmentRegion = en;
			hasScannedForEncodings = 0;
			knownRegions = (
				en,
				Base,
			);
			mainGroup = 079A832528AC27CF009DB712;
			productRefGroup = 079A832F28AC27CF009DB712 /* Products */;
			projectDirPath = "";
			projectRoot = "";
			targets = (
				079A832D28AC27CF009DB712 /* NewsApp */,
			);
		};
/* End PBXProject section */

/* Begin PBXResourcesBuildPhase section */
		079A832C28AC27CF009DB712 /* Resources */ = {
			isa = PBXResourcesBuildPhase;
			buildActionMask = 2147483647;
			files = (
				079A833E28AC27D2009DB712 /* LaunchScreen.storyboard in Resources */,
				079A835F28AC320F009DB712 /* HomeScreen.storyboard in Resources */,
				0707F37728AE3F32000A16D1 /* DetailScreen.storyboard in Resources */,
				079A835028AC2A48009DB712 /* SplashScreen.storyboard in Resources */,
				079A836128AC33D9009DB712 /* FavoriteScreen.storyboard in Resources */,
				077ABED428AD671E00B0ECE0 /* HomeTableViewCell.xib in Resources */,
				079A833B28AC27D2009DB712 /* Assets.xcassets in Resources */,
			);
			runOnlyForDeploymentPostprocessing = 0;
		};
/* End PBXResourcesBuildPhase section */

/* Begin PBXShellScriptBuildPhase section */
		739844ABFEBD636F4E27B25A /* [CP] Check Pods Manifest.lock */ = {
			isa = PBXShellScriptBuildPhase;
			buildActionMask = 2147483647;
			files = (
			);
			inputFileListPaths = (
			);
			inputPaths = (
				"${PODS_PODFILE_DIR_PATH}/Podfile.lock",
				"${PODS_ROOT}/Manifest.lock",
			);
			name = "[CP] Check Pods Manifest.lock";
			outputFileListPaths = (
			);
			outputPaths = (
				"$(DERIVED_FILE_DIR)/Pods-NewsApp-checkManifestLockResult.txt",
			);
			runOnlyForDeploymentPostprocessing = 0;
			shellPath = /bin/sh;
			shellScript = "diff \"${PODS_PODFILE_DIR_PATH}/Podfile.lock\" \"${PODS_ROOT}/Manifest.lock\" > /dev/null\nif [ $? != 0 ] ; then\n    # print error to STDERR\n    echo \"error: The sandbox is not in sync with the Podfile.lock. Run 'pod install' or update your CocoaPods installation.\" >&2\n    exit 1\nfi\n# This output is used by Xcode 'outputs' to avoid re-running this script phase.\necho \"SUCCESS\" > \"${SCRIPT_OUTPUT_FILE_0}\"\n";
			showEnvVarsInLog = 0;
		};
		7FA43526FAD04814C7506588 /* [CP] Embed Pods Frameworks */ = {
			isa = PBXShellScriptBuildPhase;
			buildActionMask = 2147483647;
			files = (
			);
			inputFileListPaths = (
				"${PODS_ROOT}/Target Support Files/Pods-NewsApp/Pods-NewsApp-frameworks-${CONFIGURATION}-input-files.xcfilelist",
			);
			name = "[CP] Embed Pods Frameworks";
			outputFileListPaths = (
				"${PODS_ROOT}/Target Support Files/Pods-NewsApp/Pods-NewsApp-frameworks-${CONFIGURATION}-output-files.xcfilelist",
			);
			runOnlyForDeploymentPostprocessing = 0;
			shellPath = /bin/sh;
			shellScript = "\"${PODS_ROOT}/Target Support Files/Pods-NewsApp/Pods-NewsApp-frameworks.sh\"\n";
			showEnvVarsInLog = 0;
		};
/* End PBXShellScriptBuildPhase section */

/* Begin PBXSourcesBuildPhase section */
		079A832A28AC27CF009DB712 /* Sources */ = {
			isa = PBXSourcesBuildPhase;
			buildActionMask = 2147483647;
			files = (
				079A834E28AC2A2F009DB712 /* SplashViewController.swift in Sources */,
				0707F37528AE3F23000A16D1 /* DetailViewController.swift in Sources */,
				079A835428AC2B0E009DB712 /* Storyboards.swift in Sources */,
				079A836928AC3C4B009DB712 /* WebServices.swift in Sources */,
				079A835228AC2A75009DB712 /* BaseViewController.swift in Sources */,
				079A835628AC2D14009DB712 /* TabBarController.swift in Sources */,
				079A836428AC33F8009DB712 /* FavoriteViewController.swift in Sources */,
				077ABED028AD65E100B0ECE0 /* NewsViewModel.swift in Sources */,
				079A836B28AC3D54009DB712 /* Constants.swift in Sources */,
				077ABED628AD7FD000B0ECE0 /* NewsModel.swift in Sources */,
				079A835828AC2DFB009DB712 /* TabBarItem.swift in Sources */,
				079A835D28AC3200009DB712 /* HomeViewController.swift in Sources */,
				07F6CDF528ACDBD1007CDEE5 /* Source.swift in Sources */,
				079A835A28AC2F34009DB712 /* Images.swift in Sources */,
				079A833228AC27CF009DB712 /* AppDelegate.swift in Sources */,
				077ABED328AD671E00B0ECE0 /* HomeTableViewCell.swift in Sources */,
				079A833428AC27CF009DB712 /* SceneDelegate.swift in Sources */,
			);
			runOnlyForDeploymentPostprocessing = 0;
		};
/* End PBXSourcesBuildPhase section */

/* Begin PBXVariantGroup section */
		079A833C28AC27D2009DB712 /* LaunchScreen.storyboard */ = {
			isa = PBXVariantGroup;
			children = (
				079A833D28AC27D2009DB712 /* Base */,
			);
			name = LaunchScreen.storyboard;
			sourceTree = "<group>";
		};
/* End PBXVariantGroup section */

/* Begin XCBuildConfiguration section */
		079A834028AC27D2009DB712 /* Debug */ = {
			isa = XCBuildConfiguration;
			buildSettings = {
				ALWAYS_SEARCH_USER_PATHS = NO;
				CLANG_ANALYZER_NONNULL = YES;
				CLANG_ANALYZER_NUMBER_OBJECT_CONVERSION = YES_AGGRESSIVE;
				CLANG_CXX_LANGUAGE_STANDARD = "gnu++17";
				CLANG_ENABLE_MODULES = YES;
				CLANG_ENABLE_OBJC_ARC = YES;
				CLANG_ENABLE_OBJC_WEAK = YES;
				CLANG_WARN_BLOCK_CAPTURE_AUTORELEASING = YES;
				CLANG_WARN_BOOL_CONVERSION = YES;
				CLANG_WARN_COMMA = YES;
				CLANG_WARN_CONSTANT_CONVERSION = YES;
				CLANG_WARN_DEPRECATED_OBJC_IMPLEMENTATIONS = YES;
				CLANG_WARN_DIRECT_OBJC_ISA_USAGE = YES_ERROR;
				CLANG_WARN_DOCUMENTATION_COMMENTS = YES;
				CLANG_WARN_EMPTY_BODY = YES;
				CLANG_WARN_ENUM_CONVERSION = YES;
				CLANG_WARN_INFINITE_RECURSION = YES;
				CLANG_WARN_INT_CONVERSION = YES;
				CLANG_WARN_NON_LITERAL_NULL_CONVERSION = YES;
				CLANG_WARN_OBJC_IMPLICIT_RETAIN_SELF = YES;
				CLANG_WARN_OBJC_LITERAL_CONVERSION = YES;
				CLANG_WARN_OBJC_ROOT_CLASS = YES_ERROR;
				CLANG_WARN_QUOTED_INCLUDE_IN_FRAMEWORK_HEADER = YES;
				CLANG_WARN_RANGE_LOOP_ANALYSIS = YES;
				CLANG_WARN_STRICT_PROTOTYPES = YES;
				CLANG_WARN_SUSPICIOUS_MOVE = YES;
				CLANG_WARN_UNGUARDED_AVAILABILITY = YES_AGGRESSIVE;
				CLANG_WARN_UNREACHABLE_CODE = YES;
				CLANG_WARN__DUPLICATE_METHOD_MATCH = YES;
				COPY_PHASE_STRIP = NO;
				DEBUG_INFORMATION_FORMAT = dwarf;
				ENABLE_STRICT_OBJC_MSGSEND = YES;
				ENABLE_TESTABILITY = YES;
				GCC_C_LANGUAGE_STANDARD = gnu11;
				GCC_DYNAMIC_NO_PIC = NO;
				GCC_NO_COMMON_BLOCKS = YES;
				GCC_OPTIMIZATION_LEVEL = 0;
				GCC_PREPROCESSOR_DEFINITIONS = (
					"DEBUG=1",
					"$(inherited)",
				);
				GCC_WARN_64_TO_32_BIT_CONVERSION = YES;
				GCC_WARN_ABOUT_RETURN_TYPE = YES_ERROR;
				GCC_WARN_UNDECLARED_SELECTOR = YES;
				GCC_WARN_UNINITIALIZED_AUTOS = YES_AGGRESSIVE;
				GCC_WARN_UNUSED_FUNCTION = YES;
				GCC_WARN_UNUSED_VARIABLE = YES;
				IPHONEOS_DEPLOYMENT_TARGET = 15.4;
				MTL_ENABLE_DEBUG_INFO = INCLUDE_SOURCE;
				MTL_FAST_MATH = YES;
				ONLY_ACTIVE_ARCH = YES;
				SDKROOT = iphoneos;
				SWIFT_ACTIVE_COMPILATION_CONDITIONS = DEBUG;
				SWIFT_OPTIMIZATION_LEVEL = "-Onone";
			};
			name = Debug;
		};
		079A834128AC27D2009DB712 /* Release */ = {
			isa = XCBuildConfiguration;
			buildSettings = {
				ALWAYS_SEARCH_USER_PATHS = NO;
				CLANG_ANALYZER_NONNULL = YES;
				CLANG_ANALYZER_NUMBER_OBJECT_CONVERSION = YES_AGGRESSIVE;
				CLANG_CXX_LANGUAGE_STANDARD = "gnu++17";
				CLANG_ENABLE_MODULES = YES;
				CLANG_ENABLE_OBJC_ARC = YES;
				CLANG_ENABLE_OBJC_WEAK = YES;
				CLANG_WARN_BLOCK_CAPTURE_AUTORELEASING = YES;
				CLANG_WARN_BOOL_CONVERSION = YES;
				CLANG_WARN_COMMA = YES;
				CLANG_WARN_CONSTANT_CONVERSION = YES;
				CLANG_WARN_DEPRECATED_OBJC_IMPLEMENTATIONS = YES;
				CLANG_WARN_DIRECT_OBJC_ISA_USAGE = YES_ERROR;
				CLANG_WARN_DOCUMENTATION_COMMENTS = YES;
				CLANG_WARN_EMPTY_BODY = YES;
				CLANG_WARN_ENUM_CONVERSION = YES;
				CLANG_WARN_INFINITE_RECURSION = YES;
				CLANG_WARN_INT_CONVERSION = YES;
				CLANG_WARN_NON_LITERAL_NULL_CONVERSION = YES;
				CLANG_WARN_OBJC_IMPLICIT_RETAIN_SELF = YES;
				CLANG_WARN_OBJC_LITERAL_CONVERSION = YES;
				CLANG_WARN_OBJC_ROOT_CLASS = YES_ERROR;
				CLANG_WARN_QUOTED_INCLUDE_IN_FRAMEWORK_HEADER = YES;
				CLANG_WARN_RANGE_LOOP_ANALYSIS = YES;
				CLANG_WARN_STRICT_PROTOTYPES = YES;
				CLANG_WARN_SUSPICIOUS_MOVE = YES;
				CLANG_WARN_UNGUARDED_AVAILABILITY = YES_AGGRESSIVE;
				CLANG_WARN_UNREACHABLE_CODE = YES;
				CLANG_WARN__DUPLICATE_METHOD_MATCH = YES;
				COPY_PHASE_STRIP = NO;
				DEBUG_INFORMATION_FORMAT = "dwarf-with-dsym";
				ENABLE_NS_ASSERTIONS = NO;
				ENABLE_STRICT_OBJC_MSGSEND = YES;
				GCC_C_LANGUAGE_STANDARD = gnu11;
				GCC_NO_COMMON_BLOCKS = YES;
				GCC_WARN_64_TO_32_BIT_CONVERSION = YES;
				GCC_WARN_ABOUT_RETURN_TYPE = YES_ERROR;
				GCC_WARN_UNDECLARED_SELECTOR = YES;
				GCC_WARN_UNINITIALIZED_AUTOS = YES_AGGRESSIVE;
				GCC_WARN_UNUSED_FUNCTION = YES;
				GCC_WARN_UNUSED_VARIABLE = YES;
				IPHONEOS_DEPLOYMENT_TARGET = 15.4;
				MTL_ENABLE_DEBUG_INFO = NO;
				MTL_FAST_MATH = YES;
				SDKROOT = iphoneos;
				SWIFT_COMPILATION_MODE = wholemodule;
				SWIFT_OPTIMIZATION_LEVEL = "-O";
				VALIDATE_PRODUCT = YES;
			};
			name = Release;
		};
		079A834328AC27D2009DB712 /* Debug */ = {
			isa = XCBuildConfiguration;
			baseConfigurationReference = 533FA3C80506E70B595E47C0 /* Pods-NewsApp.debug.xcconfig */;
			buildSettings = {
				ASSETCATALOG_COMPILER_APPICON_NAME = AppIcon;
				ASSETCATALOG_COMPILER_GLOBAL_ACCENT_COLOR_NAME = AccentColor;
				CODE_SIGN_STYLE = Automatic;
				CURRENT_PROJECT_VERSION = 1;
				DEVELOPMENT_TEAM = L8CJRZAUQT;
				GENERATE_INFOPLIST_FILE = YES;
				INFOPLIST_FILE = NewsApp/Resources/Info.plist;
				INFOPLIST_KEY_UIApplicationSupportsIndirectInputEvents = YES;
				INFOPLIST_KEY_UILaunchStoryboardName = LaunchScreen;
				INFOPLIST_KEY_UISupportedInterfaceOrientations_iPad = "UIInterfaceOrientationPortrait UIInterfaceOrientationPortraitUpsideDown UIInterfaceOrientationLandscapeLeft UIInterfaceOrientationLandscapeRight";
				INFOPLIST_KEY_UISupportedInterfaceOrientations_iPhone = "UIInterfaceOrientationPortrait UIInterfaceOrientationLandscapeLeft UIInterfaceOrientationLandscapeRight";
				LD_RUNPATH_SEARCH_PATHS = (
					"$(inherited)",
					"@executable_path/Frameworks",
				);
				MARKETING_VERSION = 1.0;
				PRODUCT_BUNDLE_IDENTIFIER = com.ibrahimeryilmaz.NewsApp;
				PRODUCT_NAME = "$(TARGET_NAME)";
				SWIFT_EMIT_LOC_STRINGS = YES;
				SWIFT_VERSION = 5.0;
				TARGETED_DEVICE_FAMILY = "1,2";
			};
			name = Debug;
		};
		079A834428AC27D2009DB712 /* Release */ = {
			isa = XCBuildConfiguration;
			baseConfigurationReference = 13249BFF5857ECA7352A2C54 /* Pods-NewsApp.release.xcconfig */;
			buildSettings = {
				ASSETCATALOG_COMPILER_APPICON_NAME = AppIcon;
				ASSETCATALOG_COMPILER_GLOBAL_ACCENT_COLOR_NAME = AccentColor;
				CODE_SIGN_STYLE = Automatic;
				CURRENT_PROJECT_VERSION = 1;
				DEVELOPMENT_TEAM = L8CJRZAUQT;
				GENERATE_INFOPLIST_FILE = YES;
				INFOPLIST_FILE = NewsApp/Resources/Info.plist;
				INFOPLIST_KEY_UIApplicationSupportsIndirectInputEvents = YES;
				INFOPLIST_KEY_UILaunchStoryboardName = LaunchScreen;
				INFOPLIST_KEY_UISupportedInterfaceOrientations_iPad = "UIInterfaceOrientationPortrait UIInterfaceOrientationPortraitUpsideDown UIInterfaceOrientationLandscapeLeft UIInterfaceOrientationLandscapeRight";
				INFOPLIST_KEY_UISupportedInterfaceOrientations_iPhone = "UIInterfaceOrientationPortrait UIInterfaceOrientationLandscapeLeft UIInterfaceOrientationLandscapeRight";
				LD_RUNPATH_SEARCH_PATHS = (
					"$(inherited)",
					"@executable_path/Frameworks",
				);
				MARKETING_VERSION = 1.0;
				PRODUCT_BUNDLE_IDENTIFIER = com.ibrahimeryilmaz.NewsApp;
				PRODUCT_NAME = "$(TARGET_NAME)";
				SWIFT_EMIT_LOC_STRINGS = YES;
				SWIFT_VERSION = 5.0;
				TARGETED_DEVICE_FAMILY = "1,2";
			};
			name = Release;
		};
/* End XCBuildConfiguration section */

/* Begin XCConfigurationList section */
		079A832928AC27CF009DB712 /* Build configuration list for PBXProject "NewsApp" */ = {
			isa = XCConfigurationList;
			buildConfigurations = (
				079A834028AC27D2009DB712 /* Debug */,
				079A834128AC27D2009DB712 /* Release */,
			);
			defaultConfigurationIsVisible = 0;
			defaultConfigurationName = Release;
		};
		079A834228AC27D2009DB712 /* Build configuration list for PBXNativeTarget "NewsApp" */ = {
			isa = XCConfigurationList;
			buildConfigurations = (
				079A834328AC27D2009DB712 /* Debug */,
				079A834428AC27D2009DB712 /* Release */,
			);
			defaultConfigurationIsVisible = 0;
			defaultConfigurationName = Release;
		};
/* End XCConfigurationList section */
	};
	rootObject = 079A832628AC27CF009DB712 /* Project object */;
}
